
Microsoft Visual Studio Solution File, Format Version 12.00
# Visual Studio 15
VisualStudioVersion = 15.0.28307.421
MinimumVisualStudioVersion = 10.0.40219.1
Project("{FAE04EC0-301F-11D3-BF4B-00C04F79EFBC}") = "MultiClientChatLast", "MultiClientChatLast\MultiClientChatLast.csproj", "{BB09641A-A014-4759-BECC-9FAE41AECAE3}"
EndProject
Global
	GlobalSection(SolutionConfigurationPlatforms) = preSolution
		Debug|Any CPU = Debug|Any CPU
		Release|Any CPU = Release|Any CPU
	EndGlobalSection
	GlobalSection(ProjectConfigurationPlatforms) = postSolution
		{BB09641A-A014-4759-BECC-9FAE41AECAE3}.Debug|Any CPU.ActiveCfg = Debug|Any CPU
		{BB09641A-A014-4759-BECC-9FAE41AECAE3}.Debug|Any CPU.Build.0 = Debug|Any CPU
		{BB09641A-A014-4759-BECC-9FAE41AECAE3}.Release|Any CPU.ActiveCfg = Release|Any CPU
		{BB09641A-A014-4759-BECC-9FAE41AECAE3}.Release|Any CPU.Build.0 = Release|Any CPU
	EndGlobalSection
	GlobalSection(SolutionProperties) = preSolution
		HideSolutionNode = FALSE
	EndGlobalSection
	GlobalSection(ExtensibilityGlobals) = postSolution
		SolutionGuid = {ABA195D7-0DBF-4FC8-BE0A-27AB13CE955D}
	EndGlobalSection
EndGlobal
